// !$*UTF8*$!
{
	archiveVersion = 1;
	classes = {
	};
	objectVersion = 46;
	objects = {

/* Begin PBXBuildFile section */
		C71E009A1D04CB31007D6D99 /* AppDelegate.swift in Sources */ = {isa = PBXBuildFile; fileRef = C71E00991D04CB31007D6D99 /* AppDelegate.swift */; };
		C71E009C1D04CB31007D6D99 /* ViewController.swift in Sources */ = {isa = PBXBuildFile; fileRef = C71E009B1D04CB31007D6D99 /* ViewController.swift */; };
		C71E009F1D04CB31007D6D99 /* Main.storyboard in Resources */ = {isa = PBXBuildFile; fileRef = C71E009D1D04CB31007D6D99 /* Main.storyboard */; };
		C71E00A11D04CB31007D6D99 /* Assets.xcassets in Resources */ = {isa = PBXBuildFile; fileRef = C71E00A01D04CB31007D6D99 /* Assets.xcassets */; };
		C71E00A41D04CB31007D6D99 /* LaunchScreen.storyboard in Resources */ = {isa = PBXBuildFile; fileRef = C71E00A21D04CB31007D6D99 /* LaunchScreen.storyboard */; };
		C71E00AF1D04CB32007D6D99 /* GrizCrimeAppTests.swift in Sources */ = {isa = PBXBuildFile; fileRef = C71E00AE1D04CB32007D6D99 /* GrizCrimeAppTests.swift */; };
		C71E00BA1D04CB32007D6D99 /* GrizCrimeAppUITests.swift in Sources */ = {isa = PBXBuildFile; fileRef = C71E00B91D04CB32007D6D99 /* GrizCrimeAppUITests.swift */; };
/* End PBXBuildFile section */

/* Begin PBXContainerItemProxy section */
		C71E00AB1D04CB32007D6D99 /* PBXContainerItemProxy */ = {
			isa = PBXContainerItemProxy;
			containerPortal = C71E008E1D04CB31007D6D99 /* Project object */;
			proxyType = 1;
			remoteGlobalIDString = C71E00951D04CB31007D6D99;
			remoteInfo = GrizCrimeApp;
		};
		C71E00B61D04CB32007D6D99 /* PBXContainerItemProxy */ = {
			isa = PBXContainerItemProxy;
			containerPortal = C71E008E1D04CB31007D6D99 /* Project object */;
			proxyType = 1;
			remoteGlobalIDString = C71E00951D04CB31007D6D99;
			remoteInfo = GrizCrimeApp;
		};
/* End PBXContainerItemProxy section */

/* Begin PBXFileReference section */
		C71E00961D04CB31007D6D99 /* GrizCrimeApp.app */ = {isa = PBXFileReference; explicitFileType = wrapper.application; includeInIndex = 0; path = GrizCrimeApp.app; sourceTree = BUILT_PRODUCTS_DIR; };
		C71E00991D04CB31007D6D99 /* AppDelegate.swift */ = {isa = PBXFileReference; lastKnownFileType = sourcecode.swift; path = AppDelegate.swift; sourceTree = "<group>"; };
		C71E009B1D04CB31007D6D99 /* ViewController.swift */ = {isa = PBXFileReference; lastKnownFileType = sourcecode.swift; path = ViewController.swift; sourceTree = "<group>"; };
		C71E009E1D04CB31007D6D99 /* Base */ = {isa = PBXFileReference; lastKnownFileType = file.storyboard; name = Base; path = Base.lproj/Main.storyboard; sourceTree = "<group>"; };
		C71E00A01D04CB31007D6D99 /* Assets.xcassets */ = {isa = PBXFileReference; lastKnownFileType = folder.assetcatalog; path = Assets.xcassets; sourceTree = "<group>"; };
		C71E00A31D04CB31007D6D99 /* Base */ = {isa = PBXFileReference; lastKnownFileType = file.storyboard; name = Base; path = Base.lproj/LaunchScreen.storyboard; sourceTree = "<group>"; };
		C71E00A51D04CB31007D6D99 /* Info.plist */ = {isa = PBXFileReference; lastKnownFileType = text.plist.xml; path = Info.plist; sourceTree = "<group>"; };
		C71E00AA1D04CB32007D6D99 /* GrizCrimeAppTests.xctest */ = {isa = PBXFileReference; explicitFileType = wrapper.cfbundle; includeInIndex = 0; path = GrizCrimeAppTests.xctest; sourceTree = BUILT_PRODUCTS_DIR; };
		C71E00AE1D04CB32007D6D99 /* GrizCrimeAppTests.swift */ = {isa = PBXFileReference; lastKnownFileType = sourcecode.swift; path = GrizCrimeAppTests.swift; sourceTree = "<group>"; };
		C71E00B01D04CB32007D6D99 /* Info.plist */ = {isa = PBXFileReference; lastKnownFileType = text.plist.xml; path = Info.plist; sourceTree = "<group>"; };
		C71E00B51D04CB32007D6D99 /* GrizCrimeAppUITests.xctest */ = {isa = PBXFileReference; explicitFileType = wrapper.cfbundle; includeInIndex = 0; path = GrizCrimeAppUITests.xctest; sourceTree = BUILT_PRODUCTS_DIR; };
		C71E00B91D04CB32007D6D99 /* GrizCrimeAppUITests.swift */ = {isa = PBXFileReference; lastKnownFileType = sourcecode.swift; path = GrizCrimeAppUITests.swift; sourceTree = "<group>"; };
		C71E00BB1D04CB32007D6D99 /* Info.plist */ = {isa = PBXFileReference; lastKnownFileType = text.plist.xml; path = Info.plist; sourceTree = "<group>"; };
/* End PBXFileReference section */

/* Begin PBXFrameworksBuildPhase section */
		C71E00931D04CB31007D6D99 /* Frameworks */ = {
			isa = PBXFrameworksBuildPhase;
			buildActionMask = 2147483647;
			files = (
			);
			runOnlyForDeploymentPostprocessing = 0;
		};
		C71E00A71D04CB32007D6D99 /* Frameworks */ = {
			isa = PBXFrameworksBuildPhase;
			buildActionMask = 2147483647;
			files = (
			);
			runOnlyForDeploymentPostprocessing = 0;
		};
		C71E00B21D04CB32007D6D99 /* Frameworks */ = {
			isa = PBXFrameworksBuildPhase;
			buildActionMask = 2147483647;
			files = (
			);
			runOnlyForDeploymentPostprocessing = 0;
		};
/* End PBXFrameworksBuildPhase section */

/* Begin PBXGroup section */
		C71E008D1D04CB31007D6D99 = {
			isa = PBXGroup;
			children = (
				C71E00981D04CB31007D6D99 /* GrizCrimeApp */,
				C71E00AD1D04CB32007D6D99 /* GrizCrimeAppTests */,
				C71E00B81D04CB32007D6D99 /* GrizCrimeAppUITests */,
				C71E00971D04CB31007D6D99 /* Products */,
			);
			sourceTree = "<group>";
		};
		C71E00971D04CB31007D6D99 /* Products */ = {
			isa = PBXGroup;
			children = (
				C71E00961D04CB31007D6D99 /* GrizCrimeApp.app */,
				C71E00AA1D04CB32007D6D99 /* GrizCrimeAppTests.xctest */,
				C71E00B51D04CB32007D6D99 /* GrizCrimeAppUITests.xctest */,
			);
			name = Products;
			sourceTree = "<group>";
		};
		C71E00981D04CB31007D6D99 /* GrizCrimeApp */ = {
			isa = PBXGroup;
			children = (
				C71E00991D04CB31007D6D99 /* AppDelegate.swift */,
				C71E009B1D04CB31007D6D99 /* ViewController.swift */,
				C71E009D1D04CB31007D6D99 /* Main.storyboard */,
				C71E00A01D04CB31007D6D99 /* Assets.xcassets */,
				C71E00A21D04CB31007D6D99 /* LaunchScreen.storyboard */,
				C71E00A51D04CB31007D6D99 /* Info.plist */,
			);
			path = GrizCrimeApp;
			sourceTree = "<group>";
		};
		C71E00AD1D04CB32007D6D99 /* GrizCrimeAppTests */ = {
			isa = PBXGroup;
			children = (
				C71E00AE1D04CB32007D6D99 /* GrizCrimeAppTests.swift */,
				C71E00B01D04CB32007D6D99 /* Info.plist */,
			);
			path = GrizCrimeAppTests;
			sourceTree = "<group>";
		};
		C71E00B81D04CB32007D6D99 /* GrizCrimeAppUITests */ = {
			isa = PBXGroup;
			children = (
				C71E00B91D04CB32007D6D99 /* GrizCrimeAppUITests.swift */,
				C71E00BB1D04CB32007D6D99 /* Info.plist */,
			);
			path = GrizCrimeAppUITests;
			sourceTree = "<group>";
		};
/* End PBXGroup section */

/* Begin PBXNativeTarget section */
		C71E00951D04CB31007D6D99 /* GrizCrimeApp */ = {
			isa = PBXNativeTarget;
			buildConfigurationList = C71E00BE1D04CB32007D6D99 /* Build configuration list for PBXNativeTarget "GrizCrimeApp" */;
			buildPhases = (
				C71E00921D04CB31007D6D99 /* Sources */,
				C71E00931D04CB31007D6D99 /* Frameworks */,
				C71E00941D04CB31007D6D99 /* Resources */,
			);
			buildRules = (
			);
			dependencies = (
			);
			name = GrizCrimeApp;
			productName = GrizCrimeApp;
			productReference = C71E00961D04CB31007D6D99 /* GrizCrimeApp.app */;
			productType = "com.apple.product-type.application";
		};
		C71E00A91D04CB32007D6D99 /* GrizCrimeAppTests */ = {
			isa = PBXNativeTarget;
			buildConfigurationList = C71E00C11D04CB32007D6D99 /* Build configuration list for PBXNativeTarget "GrizCrimeAppTests" */;
			buildPhases = (
				C71E00A61D04CB32007D6D99 /* Sources */,
				C71E00A71D04CB32007D6D99 /* Frameworks */,
				C71E00A81D04CB32007D6D99 /* Resources */,
			);
			buildRules = (
			);
			dependencies = (
				C71E00AC1D04CB32007D6D99 /* PBXTargetDependency */,
			);
			name = GrizCrimeAppTests;
			productName = GrizCrimeAppTests;
			productReference = C71E00AA1D04CB32007D6D99 /* GrizCrimeAppTests.xctest */;
			productType = "com.apple.product-type.bundle.unit-test";
		};
		C71E00B41D04CB32007D6D99 /* GrizCrimeAppUITests */ = {
			isa = PBXNativeTarget;
			buildConfigurationList = C71E00C41D04CB32007D6D99 /* Build configuration list for PBXNativeTarget "GrizCrimeAppUITests" */;
			buildPhases = (
				C71E00B11D04CB32007D6D99 /* Sources */,
				C71E00B21D04CB32007D6D99 /* Frameworks */,
				C71E00B31D04CB32007D6D99 /* Resources */,
			);
			buildRules = (
			);
			dependencies = (
				C71E00B71D04CB32007D6D99 /* PBXTargetDependency */,
			);
			name = GrizCrimeAppUITests;
			productName = GrizCrimeAppUITests;
			productReference = C71E00B51D04CB32007D6D99 /* GrizCrimeAppUITests.xctest */;
			productType = "com.apple.product-type.bundle.ui-testing";
		};
/* End PBXNativeTarget section */

/* Begin PBXProject section */
		C71E008E1D04CB31007D6D99 /* Project object */ = {
			isa = PBXProject;
			attributes = {
				LastSwiftUpdateCheck = 0730;
				LastUpgradeCheck = 0730;
				ORGANIZATIONNAME = "KENNETH GRANDBERRY";
				TargetAttributes = {
					C71E00951D04CB31007D6D99 = {
						CreatedOnToolsVersion = 7.3;
					};
					C71E00A91D04CB32007D6D99 = {
						CreatedOnToolsVersion = 7.3;
						TestTargetID = C71E00951D04CB31007D6D99;
					};
					C71E00B41D04CB32007D6D99 = {
						CreatedOnToolsVersion = 7.3;
						TestTargetID = C71E00951D04CB31007D6D99;
					};
				};
			};
			buildConfigurationList = C71E00911D04CB31007D6D99 /* Build configuration list for PBXProject "GrizCrimeApp" */;
			compatibilityVersion = "Xcode 3.2";
			developmentRegion = English;
			hasScannedForEncodings = 0;
			knownRegions = (
				en,
				Base,
			);
			mainGroup = C71E008D1D04CB31007D6D99;
			productRefGroup = C71E00971D04CB31007D6D99 /* Products */;
			projectDirPath = "";
			projectRoot = "";
			targets = (
				C71E00951D04CB31007D6D99 /* GrizCrimeApp */,
				C71E00A91D04CB32007D6D99 /* GrizCrimeAppTests */,
				C71E00B41D04CB32007D6D99 /* GrizCrimeAppUITests */,
			);
		};
/* End PBXProject section */

/* Begin PBXResourcesBuildPhase section */
		C71E00941D04CB31007D6D99 /* Resources */ = {
			isa = PBXResourcesBuildPhase;
			buildActionMask = 2147483647;
			files = (
				C71E00A41D04CB31007D6D99 /* LaunchScreen.storyboard in Resources */,
				C71E00A11D04CB31007D6D99 /* Assets.xcassets in Resources */,
				C71E009F1D04CB31007D6D99 /* Main.storyboard in Resources */,
			);
			runOnlyForDeploymentPostprocessing = 0;
		};
		C71E00A81D04CB32007D6D99 /* Resources */ = {
			isa = PBXResourcesBuildPhase;
			buildActionMask = 2147483647;
			files = (
			);
			runOnlyForDeploymentPostprocessing = 0;
		};
		C71E00B31D04CB32007D6D99 /* Resources */ = {
			isa = PBXResourcesBuildPhase;
			buildActionMask = 2147483647;
			files = (
			);
			runOnlyForDeploymentPostprocessing = 0;
		};
/* End PBXResourcesBuildPhase section */

/* Begin PBXSourcesBuildPhase section */
		C71E00921D04CB31007D6D99 /* Sources */ = {
			isa = PBXSourcesBuildPhase;
			buildActionMask = 2147483647;
			files = (
				C71E009C1D04CB31007D6D99 /* ViewController.swift in Sources */,
				C71E009A1D04CB31007D6D99 /* AppDelegate.swift in Sources */,
			);
			runOnlyForDeploymentPostprocessing = 0;
		};
		C71E00A61D04CB32007D6D99 /* Sources */ = {
			isa = PBXSourcesBuildPhase;
			buildActionMask = 2147483647;
			files = (
				C71E00AF1D04CB32007D6D99 /* GrizCrimeAppTests.swift in Sources */,
			);
			runOnlyForDeploymentPostprocessing = 0;
		};
		C71E00B11D04CB32007D6D99 /* Sources */ = {
			isa = PBXSourcesBuildPhase;
			buildActionMask = 2147483647;
			files = (
				C71E00BA1D04CB32007D6D99 /* GrizCrimeAppUITests.swift in Sources */,
			);
			runOnlyForDeploymentPostprocessing = 0;
		};
/* End PBXSourcesBuildPhase section */

/* Begin PBXTargetDependency section */
		C71E00AC1D04CB32007D6D99 /* PBXTargetDependency */ = {
			isa = PBXTargetDependency;
			target = C71E00951D04CB31007D6D99 /* GrizCrimeApp */;
			targetProxy = C71E00AB1D04CB32007D6D99 /* PBXContainerItemProxy */;
		};
		C71E00B71D04CB32007D6D99 /* PBXTargetDependency */ = {
			isa = PBXTargetDependency;
			target = C71E00951D04CB31007D6D99 /* GrizCrimeApp */;
			targetProxy = C71E00B61D04CB32007D6D99 /* PBXContainerItemProxy */;
		};
/* End PBXTargetDependency section */

/* Begin PBXVariantGroup section */
		C71E009D1D04CB31007D6D99 /* Main.storyboard */ = {
			isa = PBXVariantGroup;
			children = (
				C71E009E1D04CB31007D6D99 /* Base */,
			);
			name = Main.storyboard;
			sourceTree = "<group>";
		};
		C71E00A21D04CB31007D6D99 /* LaunchScreen.storyboard */ = {
			isa = PBXVariantGroup;
			children = (
				C71E00A31D04CB31007D6D99 /* Base */,
			);
			name = LaunchScreen.storyboard;
			sourceTree = "<group>";
		};
/* End PBXVariantGroup section */

/* Begin XCBuildConfiguration section */
		C71E00BC1D04CB32007D6D99 /* Debug */ = {
			isa = XCBuildConfiguration;
			buildSettings = {
				ALWAYS_SEARCH_USER_PATHS = NO;
				CLANG_ANALYZER_NONNULL = YES;
				CLANG_CXX_LANGUAGE_STANDARD = "gnu++0x";
				CLANG_CXX_LIBRARY = "libc++";
				CLANG_ENABLE_MODULES = YES;
				CLANG_ENABLE_OBJC_ARC = YES;
				CLANG_WARN_BOOL_CONVERSION = YES;
				CLANG_WARN_CONSTANT_CONVERSION = YES;
				CLANG_WARN_DIRECT_OBJC_ISA_USAGE = YES_ERROR;
				CLANG_WARN_EMPTY_BODY = YES;
				CLANG_WARN_ENUM_CONVERSION = YES;
				CLANG_WARN_INT_CONVERSION = YES;
				CLANG_WARN_OBJC_ROOT_CLASS = YES_ERROR;
				CLANG_WARN_UNREACHABLE_CODE = YES;
				CLANG_WARN__DUPLICATE_METHOD_MATCH = YES;
				"CODE_SIGN_IDENTITY[sdk=iphoneos*]" = "iPhone Developer";
				COPY_PHASE_STRIP = NO;
				DEBUG_INFORMATION_FORMAT = dwarf;
				ENABLE_STRICT_OBJC_MSGSEND = YES;
				ENABLE_TESTABILITY = YES;
				GCC_C_LANGUAGE_STANDARD = gnu99;
				GCC_DYNAMIC_NO_PIC = NO;
				GCC_NO_COMMON_BLOCKS = YES;
				GCC_OPTIMIZATION_LEVEL = 0;
				GCC_PREPROCESSOR_DEFINITIONS = (
					"DEBUG=1",
					"$(inherited)",
				);
				GCC_WARN_64_TO_32_BIT_CONVERSION = YES;
				GCC_WARN_ABOUT_RETURN_TYPE = YES_ERROR;
				GCC_WARN_UNDECLARED_SELECTOR = YES;
				GCC_WARN_UNINITIALIZED_AUTOS = YES_AGGRESSIVE;
				GCC_WARN_UNUSED_FUNCTION = YES;
				GCC_WARN_UNUSED_VARIABLE = YES;
				IPHONEOS_DEPLOYMENT_TARGET = 9.3;
				MTL_ENABLE_DEBUG_INFO = YES;
				ONLY_ACTIVE_ARCH = YES;
				SDKROOT = iphoneos;
				SWIFT_OPTIMIZATION_LEVEL = "-Onone";
				TARGETED_DEVICE_FAMILY = "1,2";
			};
			name = Debug;
		};
		C71E00BD1D04CB32007D6D99 /* Release */ = {
			isa = XCBuildConfiguration;
			buildSettings = {
				ALWAYS_SEARCH_USER_PATHS = NO;
				CLANG_ANALYZER_NONNULL = YES;
				CLANG_CXX_LANGUAGE_STANDARD = "gnu++0x";
				CLANG_CXX_LIBRARY = "libc++";
				CLANG_ENABLE_MODULES = YES;
				CLANG_ENABLE_OBJC_ARC = YES;
				CLANG_WARN_BOOL_CONVERSION = YES;
				CLANG_WARN_CONSTANT_CONVERSION = YES;
				CLANG_WARN_DIRECT_OBJC_ISA_USAGE = YES_ERROR;
				CLANG_WARN_EMPTY_BODY = YES;
				CLANG_WARN_ENUM_CONVERSION = YES;
				CLANG_WARN_INT_CONVERSION = YES;
				CLANG_WARN_OBJC_ROOT_CLASS = YES_ERROR;
				CLANG_WARN_UNREACHABLE_CODE = YES;
				CLANG_WARN__DUPLICATE_METHOD_MATCH = YES;
				"CODE_SIGN_IDENTITY[sdk=iphoneos*]" = "iPhone Developer";
				COPY_PHASE_STRIP = NO;
				DEBUG_INFORMATION_FORMAT = "dwarf-with-dsym";
				ENABLE_NS_ASSERTIONS = NO;
				ENABLE_STRICT_OBJC_MSGSEND = YES;
				GCC_C_LANGUAGE_STANDARD = gnu99;
				GCC_NO_COMMON_BLOCKS = YES;
				GCC_WARN_64_TO_32_BIT_CONVERSION = YES;
				GCC_WARN_ABOUT_RETURN_TYPE = YES_ERROR;
				GCC_WARN_UNDECLARED_SELECTOR = YES;
				GCC_WARN_UNINITIALIZED_AUTOS = YES_AGGRESSIVE;
				GCC_WARN_UNUSED_FUNCTION = YES;
				GCC_WARN_UNUSED_VARIABLE = YES;
				IPHONEOS_DEPLOYMENT_TARGET = 9.3;
				MTL_ENABLE_DEBUG_INFO = NO;
				SDKROOT = iphoneos;
				TARGETED_DEVICE_FAMILY = "1,2";
				VALIDATE_PRODUCT = YES;
			};
			name = Release;
		};
		C71E00BF1D04CB32007D6D99 /* Debug */ = {
			isa = XCBuildConfiguration;
			buildSettings = {
				ASSETCATALOG_COMPILER_APPICON_NAME = AppIcon;
				INFOPLIST_FILE = GrizCrimeApp/Info.plist;
				LD_RUNPATH_SEARCH_PATHS = "$(inherited) @executable_path/Frameworks";
				PRODUCT_BUNDLE_IDENTIFIER = nerdinabriefcase.GrizCrimeApp;
				PRODUCT_NAME = "$(TARGET_NAME)";
			};
			name = Debug;
		};
		C71E00C01D04CB32007D6D99 /* Release */ = {
			isa = XCBuildConfiguration;
			buildSettings = {
				ASSETCATALOG_COMPILER_APPICON_NAME = AppIcon;
				INFOPLIST_FILE = GrizCrimeApp/Info.plist;
				LD_RUNPATH_SEARCH_PATHS = "$(inherited) @executable_path/Frameworks";
				PRODUCT_BUNDLE_IDENTIFIER = nerdinabriefcase.GrizCrimeApp;
				PRODUCT_NAME = "$(TARGET_NAME)";
			};
			name = Release;
		};
		C71E00C21D04CB32007D6D99 /* Debug */ = {
			isa = XCBuildConfiguration;
			buildSettings = {
				BUNDLE_LOADER = "$(TEST_HOST)";
				INFOPLIST_FILE = GrizCrimeAppTests/Info.plist;
				LD_RUNPATH_SEARCH_PATHS = "$(inherited) @executable_path/Frameworks @loader_path/Frameworks";
				PRODUCT_BUNDLE_IDENTIFIER = nerdinabriefcase.GrizCrimeAppTests;
				PRODUCT_NAME = "$(TARGET_NAME)";
				TEST_HOST = "$(BUILT_PRODUCTS_DIR)/GrizCrimeApp.app/GrizCrimeApp";
			};
			name = Debug;
		};
		C71E00C31D04CB32007D6D99 /* Release */ = {
			isa = XCBuildConfiguration;
			buildSettings = {
				BUNDLE_LOADER = "$(TEST_HOST)";
				INFOPLIST_FILE = GrizCrimeAppTests/Info.plist;
				LD_RUNPATH_SEARCH_PATHS = "$(inherited) @executable_path/Frameworks @loader_path/Frameworks";
				PRODUCT_BUNDLE_IDENTIFIER = nerdinabriefcase.GrizCrimeAppTests;
				PRODUCT_NAME = "$(TARGET_NAME)";
				TEST_HOST = "$(BUILT_PRODUCTS_DIR)/GrizCrimeApp.app/GrizCrimeApp";
			};
			name = Release;
		};
		C71E00C51D04CB32007D6D99 /* Debug */ = {
			isa = XCBuildConfiguration;
			buildSettings = {
				INFOPLIST_FILE = GrizCrimeAppUITests/Info.plist;
				LD_RUNPATH_SEARCH_PATHS = "$(inherited) @executable_path/Frameworks @loader_path/Frameworks";
				PRODUCT_BUNDLE_IDENTIFIER = nerdinabriefcase.GrizCrimeAppUITests;
				PRODUCT_NAME = "$(TARGET_NAME)";
				TEST_TARGET_NAME = GrizCrimeApp;
			};
			name = Debug;
		};
		C71E00C61D04CB32007D6D99 /* Release */ = {
			isa = XCBuildConfiguration;
			buildSettings = {
				INFOPLIST_FILE = GrizCrimeAppUITests/Info.plist;
				LD_RUNPATH_SEARCH_PATHS = "$(inherited) @executable_path/Frameworks @loader_path/Frameworks";
				PRODUCT_BUNDLE_IDENTIFIER = nerdinabriefcase.GrizCrimeAppUITests;
				PRODUCT_NAME = "$(TARGET_NAME)";
				TEST_TARGET_NAME = GrizCrimeApp;
			};
			name = Release;
		};
/* End XCBuildConfiguration section */

/* Begin XCConfigurationList section */
		C71E00911D04CB31007D6D99 /* Build configuration list for PBXProject "GrizCrimeApp" */ = {
			isa = XCConfigurationList;
			buildConfigurations = (
				C71E00BC1D04CB32007D6D99 /* Debug */,
				C71E00BD1D04CB32007D6D99 /* Release */,
			);
			defaultConfigurationIsVisible = 0;
			defaultConfigurationName = Release;
		};
		C71E00BE1D04CB32007D6D99 /* Build configuration list for PBXNativeTarget "GrizCrimeApp" */ = {
			isa = XCConfigurationList;
			buildConfigurations = (
				C71E00BF1D04CB32007D6D99 /* Debug */,
				C71E00C01D04CB32007D6D99 /* Release */,
			);
			defaultConfigurationIsVisible = 0;
		};
		C71E00C11D04CB32007D6D99 /* Build configuration list for PBXNativeTarget "GrizCrimeAppTests" */ = {
			isa = XCConfigurationList;
			buildConfigurations = (
				C71E00C21D04CB32007D6D99 /* Debug */,
				C71E00C31D04CB32007D6D99 /* Release */,
			);
			defaultConfigurationIsVisible = 0;
		};
		C71E00C41D04CB32007D6D99 /* Build configuration list for PBXNativeTarget "GrizCrimeAppUITests" */ = {
			isa = XCConfigurationList;
			buildConfigurations = (
				C71E00C51D04CB32007D6D99 /* Debug */,
				C71E00C61D04CB32007D6D99 /* Release */,
			);
			defaultConfigurationIsVisible = 0;
		};
/* End XCConfigurationList section */
	};
	rootObject = C71E008E1D04CB31007D6D99 /* Project object */;
}
