// !$*UTF8*$!
{
	archiveVersion = 1;
	classes = {
	};
	objectVersion = 46;
	objects = {

/* Begin PBXBuildFile section */
		98AA07BF0CC3C8EDF107536B /* Pods_GrizCrimeAppUITests.framework in Frameworks */ = {isa = PBXBuildFile; fileRef = DB2D673D85D66EF4B326965C /* Pods_GrizCrimeAppUITests.framework */; };
		AF2927DAD00A013285BDE0A9 /* Pods_GrizCrimeApp.framework in Frameworks */ = {isa = PBXBuildFile; fileRef = D749805CFBEA2454E41E4E86 /* Pods_GrizCrimeApp.framework */; };
		C70C429C1D85FBF500F83C49 /* AnimationEngine.swift in Sources */ = {isa = PBXBuildFile; fileRef = C70C429B1D85FBF500F83C49 /* AnimationEngine.swift */; };
		C70C429E1D862DE300F83C49 /* MenuCell.swift in Sources */ = {isa = PBXBuildFile; fileRef = C70C429D1D862DE300F83C49 /* MenuCell.swift */; };
		C71E009A1D04CB31007D6D99 /* AppDelegate.swift in Sources */ = {isa = PBXBuildFile; fileRef = C71E00991D04CB31007D6D99 /* AppDelegate.swift */; };
		C71E009C1D04CB31007D6D99 /* LoginVC.swift in Sources */ = {isa = PBXBuildFile; fileRef = C71E009B1D04CB31007D6D99 /* LoginVC.swift */; };
		C71E009F1D04CB31007D6D99 /* Main.storyboard in Resources */ = {isa = PBXBuildFile; fileRef = C71E009D1D04CB31007D6D99 /* Main.storyboard */; };
		C71E00A11D04CB31007D6D99 /* Assets.xcassets in Resources */ = {isa = PBXBuildFile; fileRef = C71E00A01D04CB31007D6D99 /* Assets.xcassets */; };
		C71E00A41D04CB31007D6D99 /* LaunchScreen.storyboard in Resources */ = {isa = PBXBuildFile; fileRef = C71E00A21D04CB31007D6D99 /* LaunchScreen.storyboard */; };
		C71E00AF1D04CB32007D6D99 /* GrizCrimeAppTests.swift in Sources */ = {isa = PBXBuildFile; fileRef = C71E00AE1D04CB32007D6D99 /* GrizCrimeAppTests.swift */; };
		C71E00BA1D04CB32007D6D99 /* GrizCrimeAppUITests.swift in Sources */ = {isa = PBXBuildFile; fileRef = C71E00B91D04CB32007D6D99 /* GrizCrimeAppUITests.swift */; };
		C71E00D41D0549EF007D6D99 /* DataService.swift in Sources */ = {isa = PBXBuildFile; fileRef = C71E00D31D0549EF007D6D99 /* DataService.swift */; };
		C71E00D71D054AB7007D6D99 /* Constants.swift in Sources */ = {isa = PBXBuildFile; fileRef = C71E00D61D054AB7007D6D99 /* Constants.swift */; };
		C71E01271D0652D0007D6D99 /* Bolts.framework in Frameworks */ = {isa = PBXBuildFile; fileRef = C71E01241D0652D0007D6D99 /* Bolts.framework */; };
		C71E01281D0652D0007D6D99 /* FBSDKCoreKit.framework in Frameworks */ = {isa = PBXBuildFile; fileRef = C71E01251D0652D0007D6D99 /* FBSDKCoreKit.framework */; };
		C71E01291D0652D0007D6D99 /* FBSDKLoginKit.framework in Frameworks */ = {isa = PBXBuildFile; fileRef = C71E01261D0652D0007D6D99 /* FBSDKLoginKit.framework */; };
		C73FD36F1D938D9500C40546 /* MapVC.swift in Sources */ = {isa = PBXBuildFile; fileRef = C73FD36E1D938D9500C40546 /* MapVC.swift */; };
		C73FD3821D94B71500C40546 /* GeoFire.m in Sources */ = {isa = PBXBuildFile; fileRef = C73FD3791D94B71500C40546 /* GeoFire.m */; };
		C73FD3831D94B71500C40546 /* GFBase32Utils.m in Sources */ = {isa = PBXBuildFile; fileRef = C73FD37B1D94B71500C40546 /* GFBase32Utils.m */; };
		C73FD3841D94B71500C40546 /* GFGeoHash.m in Sources */ = {isa = PBXBuildFile; fileRef = C73FD37D1D94B71500C40546 /* GFGeoHash.m */; };
		C73FD3851D94B71500C40546 /* GFGeoHashQuery.m in Sources */ = {isa = PBXBuildFile; fileRef = C73FD37F1D94B71500C40546 /* GFGeoHashQuery.m */; };
		C73FD3861D94B71500C40546 /* GFQuery.m in Sources */ = {isa = PBXBuildFile; fileRef = C73FD3811D94B71500C40546 /* GFQuery.m */; };
		C73FD3881D94E48000C40546 /* CrimeAnnotation.swift in Sources */ = {isa = PBXBuildFile; fileRef = C73FD3871D94E48000C40546 /* CrimeAnnotation.swift */; };
		C73FD38A1D96CEB200C40546 /* CrimeCell.swift in Sources */ = {isa = PBXBuildFile; fileRef = C73FD3891D96CEB200C40546 /* CrimeCell.swift */; };
		C73FD38C1D96D17A00C40546 /* CrimeCollectionView.swift in Sources */ = {isa = PBXBuildFile; fileRef = C73FD38B1D96D17A00C40546 /* CrimeCollectionView.swift */; };
		C73FD38E1D96D47D00C40546 /* CollectionViewCrimeExten.swift in Sources */ = {isa = PBXBuildFile; fileRef = C73FD38D1D96D47D00C40546 /* CollectionViewCrimeExten.swift */; };
		C73FD3901D9CC33A00C40546 /* PostProfile.swift in Sources */ = {isa = PBXBuildFile; fileRef = C73FD38F1D9CC33A00C40546 /* PostProfile.swift */; };
		C7CE22471D7DEEBD00318B82 /* ProfileVC.swift in Sources */ = {isa = PBXBuildFile; fileRef = C7CE22461D7DEEBD00318B82 /* ProfileVC.swift */; };
		C7CE22491D7DF13D00318B82 /* PostVC.swift in Sources */ = {isa = PBXBuildFile; fileRef = C7CE22481D7DF13D00318B82 /* PostVC.swift */; };
		C7F3DD9A1D236786006D95EA /* GoogleService-Info.plist in Resources */ = {isa = PBXBuildFile; fileRef = C7F3DD991D236786006D95EA /* GoogleService-Info.plist */; };
		C7F3DD9C1D24E0AB006D95EA /* TimeLineVC.swift in Sources */ = {isa = PBXBuildFile; fileRef = C7F3DD9B1D24E0AB006D95EA /* TimeLineVC.swift */; };
		C7F3DD9E1D24E127006D95EA /* TableViewExten.swift in Sources */ = {isa = PBXBuildFile; fileRef = C7F3DD9D1D24E127006D95EA /* TableViewExten.swift */; };
		C7F3DDA01D24E237006D95EA /* PostCell.swift in Sources */ = {isa = PBXBuildFile; fileRef = C7F3DD9F1D24E237006D95EA /* PostCell.swift */; };
		C7F3DDA41D256983006D95EA /* ImageExten.swift in Sources */ = {isa = PBXBuildFile; fileRef = C7F3DDA31D256983006D95EA /* ImageExten.swift */; };
		C7F3DDA61D25779E006D95EA /* CustomTextField.swift in Sources */ = {isa = PBXBuildFile; fileRef = C7F3DDA51D25779E006D95EA /* CustomTextField.swift */; };
		C7F3DDA81D25834A006D95EA /* CustomUIView.swift in Sources */ = {isa = PBXBuildFile; fileRef = C7F3DDA71D25834A006D95EA /* CustomUIView.swift */; };
		C7F3DDAA1D25C007006D95EA /* UIViewExten.swift in Sources */ = {isa = PBXBuildFile; fileRef = C7F3DDA91D25C007006D95EA /* UIViewExten.swift */; };
		C7F3DDAC1D2CB14C006D95EA /* MaterialView.swift in Sources */ = {isa = PBXBuildFile; fileRef = C7F3DDAB1D2CB14C006D95EA /* MaterialView.swift */; };
		C7F3DDAE1D2F7869006D95EA /* Post.swift in Sources */ = {isa = PBXBuildFile; fileRef = C7F3DDAD1D2F7869006D95EA /* Post.swift */; };
		C7FBA5861DE0BF66006A81C8 /* AboutUsVC.swift in Sources */ = {isa = PBXBuildFile; fileRef = C7FBA5851DE0BF66006A81C8 /* AboutUsVC.swift */; };
		DBF47B9A08860473953D28EA /* Pods_GrizCrimeAppTests.framework in Frameworks */ = {isa = PBXBuildFile; fileRef = C47BCA39F5B7156001749672 /* Pods_GrizCrimeAppTests.framework */; };
/* End PBXBuildFile section */

/* Begin PBXContainerItemProxy section */
		C71E00AB1D04CB32007D6D99 /* PBXContainerItemProxy */ = {
			isa = PBXContainerItemProxy;
			containerPortal = C71E008E1D04CB31007D6D99 /* Project object */;
			proxyType = 1;
			remoteGlobalIDString = C71E00951D04CB31007D6D99;
			remoteInfo = GrizCrimeApp;
		};
		C71E00B61D04CB32007D6D99 /* PBXContainerItemProxy */ = {
			isa = PBXContainerItemProxy;
			containerPortal = C71E008E1D04CB31007D6D99 /* Project object */;
			proxyType = 1;
			remoteGlobalIDString = C71E00951D04CB31007D6D99;
			remoteInfo = GrizCrimeApp;
		};
/* End PBXContainerItemProxy section */

/* Begin PBXFileReference section */
		3DA98B84F9C1B710EC3127D6 /* Pods-GrizCrimeAppTests.debug.xcconfig */ = {isa = PBXFileReference; includeInIndex = 1; lastKnownFileType = text.xcconfig; name = "Pods-GrizCrimeAppTests.debug.xcconfig"; path = "Pods/Target Support Files/Pods-GrizCrimeAppTests/Pods-GrizCrimeAppTests.debug.xcconfig"; sourceTree = "<group>"; };
		9882AFBB3C496D1F425C31E9 /* Pods-GrizCrimeAppUITests.release.xcconfig */ = {isa = PBXFileReference; includeInIndex = 1; lastKnownFileType = text.xcconfig; name = "Pods-GrizCrimeAppUITests.release.xcconfig"; path = "Pods/Target Support Files/Pods-GrizCrimeAppUITests/Pods-GrizCrimeAppUITests.release.xcconfig"; sourceTree = "<group>"; };
		A427ADE9270B5FA2D95BA6F5 /* Pods-GrizCrimeApp.release.xcconfig */ = {isa = PBXFileReference; includeInIndex = 1; lastKnownFileType = text.xcconfig; name = "Pods-GrizCrimeApp.release.xcconfig"; path = "Pods/Target Support Files/Pods-GrizCrimeApp/Pods-GrizCrimeApp.release.xcconfig"; sourceTree = "<group>"; };
		C47BCA39F5B7156001749672 /* Pods_GrizCrimeAppTests.framework */ = {isa = PBXFileReference; explicitFileType = wrapper.framework; includeInIndex = 0; path = Pods_GrizCrimeAppTests.framework; sourceTree = BUILT_PRODUCTS_DIR; };
		C70C429B1D85FBF500F83C49 /* AnimationEngine.swift */ = {isa = PBXFileReference; fileEncoding = 4; lastKnownFileType = sourcecode.swift; path = AnimationEngine.swift; sourceTree = "<group>"; };
		C70C429D1D862DE300F83C49 /* MenuCell.swift */ = {isa = PBXFileReference; fileEncoding = 4; lastKnownFileType = sourcecode.swift; path = MenuCell.swift; sourceTree = "<group>"; };
		C71E00961D04CB31007D6D99 /* GrizCrimeApp.app */ = {isa = PBXFileReference; explicitFileType = wrapper.application; includeInIndex = 0; path = GrizCrimeApp.app; sourceTree = BUILT_PRODUCTS_DIR; };
		C71E00991D04CB31007D6D99 /* AppDelegate.swift */ = {isa = PBXFileReference; lastKnownFileType = sourcecode.swift; path = AppDelegate.swift; sourceTree = "<group>"; };
		C71E009B1D04CB31007D6D99 /* LoginVC.swift */ = {isa = PBXFileReference; lastKnownFileType = sourcecode.swift; path = LoginVC.swift; sourceTree = "<group>"; };
		C71E009E1D04CB31007D6D99 /* Base */ = {isa = PBXFileReference; lastKnownFileType = file.storyboard; name = Base; path = Base.lproj/Main.storyboard; sourceTree = "<group>"; };
		C71E00A01D04CB31007D6D99 /* Assets.xcassets */ = {isa = PBXFileReference; lastKnownFileType = folder.assetcatalog; path = Assets.xcassets; sourceTree = "<group>"; };
		C71E00A31D04CB31007D6D99 /* Base */ = {isa = PBXFileReference; lastKnownFileType = file.storyboard; name = Base; path = Base.lproj/LaunchScreen.storyboard; sourceTree = "<group>"; };
		C71E00A51D04CB31007D6D99 /* Info.plist */ = {isa = PBXFileReference; lastKnownFileType = text.plist.xml; path = Info.plist; sourceTree = "<group>"; };
		C71E00AA1D04CB32007D6D99 /* GrizCrimeAppTests.xctest */ = {isa = PBXFileReference; explicitFileType = wrapper.cfbundle; includeInIndex = 0; path = GrizCrimeAppTests.xctest; sourceTree = BUILT_PRODUCTS_DIR; };
		C71E00AE1D04CB32007D6D99 /* GrizCrimeAppTests.swift */ = {isa = PBXFileReference; lastKnownFileType = sourcecode.swift; path = GrizCrimeAppTests.swift; sourceTree = "<group>"; };
		C71E00B01D04CB32007D6D99 /* Info.plist */ = {isa = PBXFileReference; lastKnownFileType = text.plist.xml; path = Info.plist; sourceTree = "<group>"; };
		C71E00B51D04CB32007D6D99 /* GrizCrimeAppUITests.xctest */ = {isa = PBXFileReference; explicitFileType = wrapper.cfbundle; includeInIndex = 0; path = GrizCrimeAppUITests.xctest; sourceTree = BUILT_PRODUCTS_DIR; };
		C71E00B91D04CB32007D6D99 /* GrizCrimeAppUITests.swift */ = {isa = PBXFileReference; lastKnownFileType = sourcecode.swift; path = GrizCrimeAppUITests.swift; sourceTree = "<group>"; };
		C71E00BB1D04CB32007D6D99 /* Info.plist */ = {isa = PBXFileReference; lastKnownFileType = text.plist.xml; path = Info.plist; sourceTree = "<group>"; };
		C71E00C71D04F1E9007D6D99 /* GrizCrimeApp-Bridging-Header.h */ = {isa = PBXFileReference; lastKnownFileType = sourcecode.c.h; path = "GrizCrimeApp-Bridging-Header.h"; sourceTree = "<group>"; };
		C71E00D31D0549EF007D6D99 /* DataService.swift */ = {isa = PBXFileReference; fileEncoding = 4; lastKnownFileType = sourcecode.swift; path = DataService.swift; sourceTree = "<group>"; };
		C71E00D61D054AB7007D6D99 /* Constants.swift */ = {isa = PBXFileReference; fileEncoding = 4; lastKnownFileType = sourcecode.swift; path = Constants.swift; sourceTree = "<group>"; };
		C71E01241D0652D0007D6D99 /* Bolts.framework */ = {isa = PBXFileReference; lastKnownFileType = wrapper.framework; path = Bolts.framework; sourceTree = "<group>"; };
		C71E01251D0652D0007D6D99 /* FBSDKCoreKit.framework */ = {isa = PBXFileReference; lastKnownFileType = wrapper.framework; path = FBSDKCoreKit.framework; sourceTree = "<group>"; };
		C71E01261D0652D0007D6D99 /* FBSDKLoginKit.framework */ = {isa = PBXFileReference; lastKnownFileType = wrapper.framework; path = FBSDKLoginKit.framework; sourceTree = "<group>"; };
		C73FD36E1D938D9500C40546 /* MapVC.swift */ = {isa = PBXFileReference; fileEncoding = 4; lastKnownFileType = sourcecode.swift; path = MapVC.swift; sourceTree = "<group>"; };
		C73FD3721D94B71500C40546 /* GeoFire.h */ = {isa = PBXFileReference; fileEncoding = 4; lastKnownFileType = sourcecode.c.h; path = GeoFire.h; sourceTree = "<group>"; };
		C73FD3731D94B71500C40546 /* GFCircleQuery.h */ = {isa = PBXFileReference; fileEncoding = 4; lastKnownFileType = sourcecode.c.h; path = GFCircleQuery.h; sourceTree = "<group>"; };
		C73FD3741D94B71500C40546 /* GFQuery.h */ = {isa = PBXFileReference; fileEncoding = 4; lastKnownFileType = sourcecode.c.h; path = GFQuery.h; sourceTree = "<group>"; };
		C73FD3751D94B71500C40546 /* GFRegionQuery.h */ = {isa = PBXFileReference; fileEncoding = 4; lastKnownFileType = sourcecode.c.h; path = GFRegionQuery.h; sourceTree = "<group>"; };
		C73FD3761D94B71500C40546 /* GeoFire-Prefix.pch */ = {isa = PBXFileReference; fileEncoding = 4; lastKnownFileType = sourcecode.c.h; path = "GeoFire-Prefix.pch"; sourceTree = "<group>"; };
		C73FD3781D94B71500C40546 /* GeoFire+Private.h */ = {isa = PBXFileReference; fileEncoding = 4; lastKnownFileType = sourcecode.c.h; path = "GeoFire+Private.h"; sourceTree = "<group>"; };
		C73FD3791D94B71500C40546 /* GeoFire.m */ = {isa = PBXFileReference; fileEncoding = 4; lastKnownFileType = sourcecode.c.objc; path = GeoFire.m; sourceTree = "<group>"; };
		C73FD37A1D94B71500C40546 /* GFBase32Utils.h */ = {isa = PBXFileReference; fileEncoding = 4; lastKnownFileType = sourcecode.c.h; path = GFBase32Utils.h; sourceTree = "<group>"; };
		C73FD37B1D94B71500C40546 /* GFBase32Utils.m */ = {isa = PBXFileReference; fileEncoding = 4; lastKnownFileType = sourcecode.c.objc; path = GFBase32Utils.m; sourceTree = "<group>"; };
		C73FD37C1D94B71500C40546 /* GFGeoHash.h */ = {isa = PBXFileReference; fileEncoding = 4; lastKnownFileType = sourcecode.c.h; path = GFGeoHash.h; sourceTree = "<group>"; };
		C73FD37D1D94B71500C40546 /* GFGeoHash.m */ = {isa = PBXFileReference; fileEncoding = 4; lastKnownFileType = sourcecode.c.objc; path = GFGeoHash.m; sourceTree = "<group>"; };
		C73FD37E1D94B71500C40546 /* GFGeoHashQuery.h */ = {isa = PBXFileReference; fileEncoding = 4; lastKnownFileType = sourcecode.c.h; path = GFGeoHashQuery.h; sourceTree = "<group>"; };
		C73FD37F1D94B71500C40546 /* GFGeoHashQuery.m */ = {isa = PBXFileReference; fileEncoding = 4; lastKnownFileType = sourcecode.c.objc; path = GFGeoHashQuery.m; sourceTree = "<group>"; };
		C73FD3801D94B71500C40546 /* GFQuery+Private.h */ = {isa = PBXFileReference; fileEncoding = 4; lastKnownFileType = sourcecode.c.h; path = "GFQuery+Private.h"; sourceTree = "<group>"; };
		C73FD3811D94B71500C40546 /* GFQuery.m */ = {isa = PBXFileReference; fileEncoding = 4; lastKnownFileType = sourcecode.c.objc; path = GFQuery.m; sourceTree = "<group>"; };
		C73FD3871D94E48000C40546 /* CrimeAnnotation.swift */ = {isa = PBXFileReference; fileEncoding = 4; lastKnownFileType = sourcecode.swift; path = CrimeAnnotation.swift; sourceTree = "<group>"; };
		C73FD3891D96CEB200C40546 /* CrimeCell.swift */ = {isa = PBXFileReference; fileEncoding = 4; lastKnownFileType = sourcecode.swift; path = CrimeCell.swift; sourceTree = "<group>"; };
		C73FD38B1D96D17A00C40546 /* CrimeCollectionView.swift */ = {isa = PBXFileReference; fileEncoding = 4; lastKnownFileType = sourcecode.swift; path = CrimeCollectionView.swift; sourceTree = "<group>"; };
		C73FD38D1D96D47D00C40546 /* CollectionViewCrimeExten.swift */ = {isa = PBXFileReference; fileEncoding = 4; lastKnownFileType = sourcecode.swift; path = CollectionViewCrimeExten.swift; sourceTree = "<group>"; };
		C73FD38F1D9CC33A00C40546 /* PostProfile.swift */ = {isa = PBXFileReference; fileEncoding = 4; lastKnownFileType = sourcecode.swift; path = PostProfile.swift; sourceTree = "<group>"; };
		C7CE22461D7DEEBD00318B82 /* ProfileVC.swift */ = {isa = PBXFileReference; fileEncoding = 4; lastKnownFileType = sourcecode.swift; path = ProfileVC.swift; sourceTree = "<group>"; };
		C7CE22481D7DF13D00318B82 /* PostVC.swift */ = {isa = PBXFileReference; fileEncoding = 4; lastKnownFileType = sourcecode.swift; path = PostVC.swift; sourceTree = "<group>"; };
		C7F3DD991D236786006D95EA /* GoogleService-Info.plist */ = {isa = PBXFileReference; fileEncoding = 4; lastKnownFileType = text.plist.xml; path = "GoogleService-Info.plist"; sourceTree = "<group>"; };
		C7F3DD9B1D24E0AB006D95EA /* TimeLineVC.swift */ = {isa = PBXFileReference; fileEncoding = 4; lastKnownFileType = sourcecode.swift; path = TimeLineVC.swift; sourceTree = "<group>"; };
		C7F3DD9D1D24E127006D95EA /* TableViewExten.swift */ = {isa = PBXFileReference; fileEncoding = 4; lastKnownFileType = sourcecode.swift; path = TableViewExten.swift; sourceTree = "<group>"; };
		C7F3DD9F1D24E237006D95EA /* PostCell.swift */ = {isa = PBXFileReference; fileEncoding = 4; lastKnownFileType = sourcecode.swift; path = PostCell.swift; sourceTree = "<group>"; };
		C7F3DDA31D256983006D95EA /* ImageExten.swift */ = {isa = PBXFileReference; fileEncoding = 4; lastKnownFileType = sourcecode.swift; path = ImageExten.swift; sourceTree = "<group>"; };
		C7F3DDA51D25779E006D95EA /* CustomTextField.swift */ = {isa = PBXFileReference; fileEncoding = 4; lastKnownFileType = sourcecode.swift; path = CustomTextField.swift; sourceTree = "<group>"; };
		C7F3DDA71D25834A006D95EA /* CustomUIView.swift */ = {isa = PBXFileReference; fileEncoding = 4; lastKnownFileType = sourcecode.swift; path = CustomUIView.swift; sourceTree = "<group>"; };
		C7F3DDA91D25C007006D95EA /* UIViewExten.swift */ = {isa = PBXFileReference; fileEncoding = 4; lastKnownFileType = sourcecode.swift; path = UIViewExten.swift; sourceTree = "<group>"; };
		C7F3DDAB1D2CB14C006D95EA /* MaterialView.swift */ = {isa = PBXFileReference; fileEncoding = 4; lastKnownFileType = sourcecode.swift; path = MaterialView.swift; sourceTree = "<group>"; };
		C7F3DDAD1D2F7869006D95EA /* Post.swift */ = {isa = PBXFileReference; fileEncoding = 4; lastKnownFileType = sourcecode.swift; path = Post.swift; sourceTree = "<group>"; };
		C7FBA5851DE0BF66006A81C8 /* AboutUsVC.swift */ = {isa = PBXFileReference; fileEncoding = 4; lastKnownFileType = sourcecode.swift; path = AboutUsVC.swift; sourceTree = "<group>"; };
		CC3B9C476078B7D1199BD6A7 /* Pods-GrizCrimeApp.debug.xcconfig */ = {isa = PBXFileReference; includeInIndex = 1; lastKnownFileType = text.xcconfig; name = "Pods-GrizCrimeApp.debug.xcconfig"; path = "Pods/Target Support Files/Pods-GrizCrimeApp/Pods-GrizCrimeApp.debug.xcconfig"; sourceTree = "<group>"; };
		D749805CFBEA2454E41E4E86 /* Pods_GrizCrimeApp.framework */ = {isa = PBXFileReference; explicitFileType = wrapper.framework; includeInIndex = 0; path = Pods_GrizCrimeApp.framework; sourceTree = BUILT_PRODUCTS_DIR; };
		DB2D673D85D66EF4B326965C /* Pods_GrizCrimeAppUITests.framework */ = {isa = PBXFileReference; explicitFileType = wrapper.framework; includeInIndex = 0; path = Pods_GrizCrimeAppUITests.framework; sourceTree = BUILT_PRODUCTS_DIR; };
		DF6D82734A5EE42080B0BDE1 /* Pods-GrizCrimeAppUITests.debug.xcconfig */ = {isa = PBXFileReference; includeInIndex = 1; lastKnownFileType = text.xcconfig; name = "Pods-GrizCrimeAppUITests.debug.xcconfig"; path = "Pods/Target Support Files/Pods-GrizCrimeAppUITests/Pods-GrizCrimeAppUITests.debug.xcconfig"; sourceTree = "<group>"; };
		F5595DE9E90CE131C7BEAC17 /* Pods-GrizCrimeAppTests.release.xcconfig */ = {isa = PBXFileReference; includeInIndex = 1; lastKnownFileType = text.xcconfig; name = "Pods-GrizCrimeAppTests.release.xcconfig"; path = "Pods/Target Support Files/Pods-GrizCrimeAppTests/Pods-GrizCrimeAppTests.release.xcconfig"; sourceTree = "<group>"; };
/* End PBXFileReference section */

/* Begin PBXFrameworksBuildPhase section */
		C71E00931D04CB31007D6D99 /* Frameworks */ = {
			isa = PBXFrameworksBuildPhase;
			buildActionMask = 2147483647;
			files = (
				AF2927DAD00A013285BDE0A9 /* Pods_GrizCrimeApp.framework in Frameworks */,
				C71E01281D0652D0007D6D99 /* FBSDKCoreKit.framework in Frameworks */,
				C71E01291D0652D0007D6D99 /* FBSDKLoginKit.framework in Frameworks */,
				C71E01271D0652D0007D6D99 /* Bolts.framework in Frameworks */,
			);
			runOnlyForDeploymentPostprocessing = 0;
		};
		C71E00A71D04CB32007D6D99 /* Frameworks */ = {
			isa = PBXFrameworksBuildPhase;
			buildActionMask = 2147483647;
			files = (
				DBF47B9A08860473953D28EA /* Pods_GrizCrimeAppTests.framework in Frameworks */,
			);
			runOnlyForDeploymentPostprocessing = 0;
		};
		C71E00B21D04CB32007D6D99 /* Frameworks */ = {
			isa = PBXFrameworksBuildPhase;
			buildActionMask = 2147483647;
			files = (
				98AA07BF0CC3C8EDF107536B /* Pods_GrizCrimeAppUITests.framework in Frameworks */,
			);
			runOnlyForDeploymentPostprocessing = 0;
		};
/* End PBXFrameworksBuildPhase section */

/* Begin PBXGroup section */
		23E8967FAACC8F92F87C4660 /* Frameworks */ = {
			isa = PBXGroup;
			children = (
				D749805CFBEA2454E41E4E86 /* Pods_GrizCrimeApp.framework */,
				C47BCA39F5B7156001749672 /* Pods_GrizCrimeAppTests.framework */,
				DB2D673D85D66EF4B326965C /* Pods_GrizCrimeAppUITests.framework */,
			);
			name = Frameworks;
			sourceTree = "<group>";
		};
		C71E008D1D04CB31007D6D99 = {
			isa = PBXGroup;
			children = (
				C71E00981D04CB31007D6D99 /* GrizCrimeApp */,
				C71E00AD1D04CB32007D6D99 /* GrizCrimeAppTests */,
				C71E00B81D04CB32007D6D99 /* GrizCrimeAppUITests */,
				C71E00971D04CB31007D6D99 /* Products */,
				D8256FD27FDC8C7045A86474 /* Pods */,
				23E8967FAACC8F92F87C4660 /* Frameworks */,
			);
			sourceTree = "<group>";
		};
		C71E00971D04CB31007D6D99 /* Products */ = {
			isa = PBXGroup;
			children = (
				C71E00961D04CB31007D6D99 /* GrizCrimeApp.app */,
				C71E00AA1D04CB32007D6D99 /* GrizCrimeAppTests.xctest */,
				C71E00B51D04CB32007D6D99 /* GrizCrimeAppUITests.xctest */,
			);
			name = Products;
			sourceTree = "<group>";
		};
		C71E00981D04CB31007D6D99 /* GrizCrimeApp */ = {
			isa = PBXGroup;
			children = (
				C73FD3701D94B71500C40546 /* GeoFire */,
				C71E01231D0652B2007D6D99 /* frameworks */,
				C71E00D51D054A9C007D6D99 /* Util */,
				C71E00D11D054938007D6D99 /* Extension */,
				C71E00D01D05491E007D6D99 /* Service */,
				C71E00CF1D054911007D6D99 /* Controller */,
				C71E00CE1D054908007D6D99 /* View */,
				C71E00CD1D0548FE007D6D99 /* Model */,
				C71E00D21D05498C007D6D99 /* Misc */,
			);
			path = GrizCrimeApp;
			sourceTree = "<group>";
		};
		C71E00AD1D04CB32007D6D99 /* GrizCrimeAppTests */ = {
			isa = PBXGroup;
			children = (
				C71E00AE1D04CB32007D6D99 /* GrizCrimeAppTests.swift */,
				C71E00B01D04CB32007D6D99 /* Info.plist */,
			);
			path = GrizCrimeAppTests;
			sourceTree = "<group>";
		};
		C71E00B81D04CB32007D6D99 /* GrizCrimeAppUITests */ = {
			isa = PBXGroup;
			children = (
				C71E00B91D04CB32007D6D99 /* GrizCrimeAppUITests.swift */,
				C71E00BB1D04CB32007D6D99 /* Info.plist */,
			);
			path = GrizCrimeAppUITests;
			sourceTree = "<group>";
		};
		C71E00CD1D0548FE007D6D99 /* Model */ = {
			isa = PBXGroup;
			children = (
				C7F3DDAD1D2F7869006D95EA /* Post.swift */,
				C73FD3871D94E48000C40546 /* CrimeAnnotation.swift */,
				C73FD38B1D96D17A00C40546 /* CrimeCollectionView.swift */,
				C73FD38F1D9CC33A00C40546 /* PostProfile.swift */,
			);
			name = Model;
			sourceTree = "<group>";
		};
		C71E00CE1D054908007D6D99 /* View */ = {
			isa = PBXGroup;
			children = (
				C71E009D1D04CB31007D6D99 /* Main.storyboard */,
				C70C429D1D862DE300F83C49 /* MenuCell.swift */,
				C7F3DD9F1D24E237006D95EA /* PostCell.swift */,
				C7F3DDA51D25779E006D95EA /* CustomTextField.swift */,
				C7F3DDA71D25834A006D95EA /* CustomUIView.swift */,
				C7F3DDAB1D2CB14C006D95EA /* MaterialView.swift */,
				C70C429B1D85FBF500F83C49 /* AnimationEngine.swift */,
				C73FD3891D96CEB200C40546 /* CrimeCell.swift */,
			);
			name = View;
			sourceTree = "<group>";
		};
		C71E00CF1D054911007D6D99 /* Controller */ = {
			isa = PBXGroup;
			children = (
				C71E009B1D04CB31007D6D99 /* LoginVC.swift */,
				C7F3DD9B1D24E0AB006D95EA /* TimeLineVC.swift */,
				C7CE22461D7DEEBD00318B82 /* ProfileVC.swift */,
				C7CE22481D7DF13D00318B82 /* PostVC.swift */,
				C73FD36E1D938D9500C40546 /* MapVC.swift */,
				C7FBA5851DE0BF66006A81C8 /* AboutUsVC.swift */,
			);
			name = Controller;
			sourceTree = "<group>";
		};
		C71E00D01D05491E007D6D99 /* Service */ = {
			isa = PBXGroup;
			children = (
				C71E00D31D0549EF007D6D99 /* DataService.swift */,
			);
			name = Service;
			sourceTree = "<group>";
		};
		C71E00D11D054938007D6D99 /* Extension */ = {
			isa = PBXGroup;
			children = (
				C7F3DD9D1D24E127006D95EA /* TableViewExten.swift */,
				C7F3DDA31D256983006D95EA /* ImageExten.swift */,
				C7F3DDA91D25C007006D95EA /* UIViewExten.swift */,
				C73FD38D1D96D47D00C40546 /* CollectionViewCrimeExten.swift */,
			);
			name = Extension;
			sourceTree = "<group>";
		};
		C71E00D21D05498C007D6D99 /* Misc */ = {
			isa = PBXGroup;
			children = (
				C71E00991D04CB31007D6D99 /* AppDelegate.swift */,
				C71E00A01D04CB31007D6D99 /* Assets.xcassets */,
				C71E00A21D04CB31007D6D99 /* LaunchScreen.storyboard */,
				C71E00A51D04CB31007D6D99 /* Info.plist */,
				C7F3DD991D236786006D95EA /* GoogleService-Info.plist */,
				C71E00C71D04F1E9007D6D99 /* GrizCrimeApp-Bridging-Header.h */,
			);
			name = Misc;
			sourceTree = "<group>";
		};
		C71E00D51D054A9C007D6D99 /* Util */ = {
			isa = PBXGroup;
			children = (
				C71E00D61D054AB7007D6D99 /* Constants.swift */,
			);
			name = Util;
			sourceTree = "<group>";
		};
		C71E01231D0652B2007D6D99 /* frameworks */ = {
			isa = PBXGroup;
			children = (
				C71E01241D0652D0007D6D99 /* Bolts.framework */,
				C71E01251D0652D0007D6D99 /* FBSDKCoreKit.framework */,
				C71E01261D0652D0007D6D99 /* FBSDKLoginKit.framework */,
			);
			name = frameworks;
			sourceTree = "<group>";
		};
		C73FD3701D94B71500C40546 /* GeoFire */ = {
			isa = PBXGroup;
			children = (
				C73FD3711D94B71500C40546 /* API */,
				C73FD3761D94B71500C40546 /* GeoFire-Prefix.pch */,
				C73FD3771D94B71500C40546 /* Implementation */,
			);
			path = GeoFire;
			sourceTree = "<group>";
		};
		C73FD3711D94B71500C40546 /* API */ = {
			isa = PBXGroup;
			children = (
				C73FD3721D94B71500C40546 /* GeoFire.h */,
				C73FD3731D94B71500C40546 /* GFCircleQuery.h */,
				C73FD3741D94B71500C40546 /* GFQuery.h */,
				C73FD3751D94B71500C40546 /* GFRegionQuery.h */,
			);
			path = API;
			sourceTree = "<group>";
		};
		C73FD3771D94B71500C40546 /* Implementation */ = {
			isa = PBXGroup;
			children = (
				C73FD3781D94B71500C40546 /* GeoFire+Private.h */,
				C73FD3791D94B71500C40546 /* GeoFire.m */,
				C73FD37A1D94B71500C40546 /* GFBase32Utils.h */,
				C73FD37B1D94B71500C40546 /* GFBase32Utils.m */,
				C73FD37C1D94B71500C40546 /* GFGeoHash.h */,
				C73FD37D1D94B71500C40546 /* GFGeoHash.m */,
				C73FD37E1D94B71500C40546 /* GFGeoHashQuery.h */,
				C73FD37F1D94B71500C40546 /* GFGeoHashQuery.m */,
				C73FD3801D94B71500C40546 /* GFQuery+Private.h */,
				C73FD3811D94B71500C40546 /* GFQuery.m */,
			);
			path = Implementation;
			sourceTree = "<group>";
		};
		D8256FD27FDC8C7045A86474 /* Pods */ = {
			isa = PBXGroup;
			children = (
				CC3B9C476078B7D1199BD6A7 /* Pods-GrizCrimeApp.debug.xcconfig */,
				A427ADE9270B5FA2D95BA6F5 /* Pods-GrizCrimeApp.release.xcconfig */,
				3DA98B84F9C1B710EC3127D6 /* Pods-GrizCrimeAppTests.debug.xcconfig */,
				F5595DE9E90CE131C7BEAC17 /* Pods-GrizCrimeAppTests.release.xcconfig */,
				DF6D82734A5EE42080B0BDE1 /* Pods-GrizCrimeAppUITests.debug.xcconfig */,
				9882AFBB3C496D1F425C31E9 /* Pods-GrizCrimeAppUITests.release.xcconfig */,
			);
			name = Pods;
			sourceTree = "<group>";
		};
/* End PBXGroup section */

/* Begin PBXNativeTarget section */
		C71E00951D04CB31007D6D99 /* GrizCrimeApp */ = {
			isa = PBXNativeTarget;
			buildConfigurationList = C71E00BE1D04CB32007D6D99 /* Build configuration list for PBXNativeTarget "GrizCrimeApp" */;
			buildPhases = (
				2099B2178A3DF5ACEEA3EEA7 /* 📦 Check Pods Manifest.lock */,
				C71E00921D04CB31007D6D99 /* Sources */,
				C71E00931D04CB31007D6D99 /* Frameworks */,
				C71E00941D04CB31007D6D99 /* Resources */,
				9606386DF7DA4E3976DA2B56 /* 📦 Embed Pods Frameworks */,
				C20FB9C59386A45BEA9020EF /* 📦 Copy Pods Resources */,
			);
			buildRules = (
			);
			dependencies = (
			);
			name = GrizCrimeApp;
			productName = GrizCrimeApp;
			productReference = C71E00961D04CB31007D6D99 /* GrizCrimeApp.app */;
			productType = "com.apple.product-type.application";
		};
		C71E00A91D04CB32007D6D99 /* GrizCrimeAppTests */ = {
			isa = PBXNativeTarget;
			buildConfigurationList = C71E00C11D04CB32007D6D99 /* Build configuration list for PBXNativeTarget "GrizCrimeAppTests" */;
			buildPhases = (
				08800B38E1D7394738620228 /* 📦 Check Pods Manifest.lock */,
				C71E00A61D04CB32007D6D99 /* Sources */,
				C71E00A71D04CB32007D6D99 /* Frameworks */,
				C71E00A81D04CB32007D6D99 /* Resources */,
				30F18AD73F1ED08B5481FAEF /* 📦 Embed Pods Frameworks */,
				D5557EA5C1E8011B7DD973E2 /* 📦 Copy Pods Resources */,
			);
			buildRules = (
			);
			dependencies = (
				C71E00AC1D04CB32007D6D99 /* PBXTargetDependency */,
			);
			name = GrizCrimeAppTests;
			productName = GrizCrimeAppTests;
			productReference = C71E00AA1D04CB32007D6D99 /* GrizCrimeAppTests.xctest */;
			productType = "com.apple.product-type.bundle.unit-test";
		};
		C71E00B41D04CB32007D6D99 /* GrizCrimeAppUITests */ = {
			isa = PBXNativeTarget;
			buildConfigurationList = C71E00C41D04CB32007D6D99 /* Build configuration list for PBXNativeTarget "GrizCrimeAppUITests" */;
			buildPhases = (
				024D76CDDE52840A77C7FBCB /* 📦 Check Pods Manifest.lock */,
				C71E00B11D04CB32007D6D99 /* Sources */,
				C71E00B21D04CB32007D6D99 /* Frameworks */,
				C71E00B31D04CB32007D6D99 /* Resources */,
				FCC6DABA0F26DAA773D38FD0 /* 📦 Copy Pods Resources */,
			);
			buildRules = (
			);
			dependencies = (
				C71E00B71D04CB32007D6D99 /* PBXTargetDependency */,
			);
			name = GrizCrimeAppUITests;
			productName = GrizCrimeAppUITests;
			productReference = C71E00B51D04CB32007D6D99 /* GrizCrimeAppUITests.xctest */;
			productType = "com.apple.product-type.bundle.ui-testing";
		};
/* End PBXNativeTarget section */

/* Begin PBXProject section */
		C71E008E1D04CB31007D6D99 /* Project object */ = {
			isa = PBXProject;
			attributes = {
				LastSwiftUpdateCheck = 0730;
				LastUpgradeCheck = 0730;
				ORGANIZATIONNAME = "KENNETH GRANDBERRY";
				TargetAttributes = {
					C71E00951D04CB31007D6D99 = {
						CreatedOnToolsVersion = 7.3;
						DevelopmentTeam = JDJW8889MB;
						LastSwiftMigration = 0810;
						ProvisioningStyle = Automatic;
					};
					C71E00A91D04CB32007D6D99 = {
						CreatedOnToolsVersion = 7.3;
						LastSwiftMigration = 0810;
						TestTargetID = C71E00951D04CB31007D6D99;
					};
					C71E00B41D04CB32007D6D99 = {
						CreatedOnToolsVersion = 7.3;
						LastSwiftMigration = 0810;
						TestTargetID = C71E00951D04CB31007D6D99;
					};
				};
			};
			buildConfigurationList = C71E00911D04CB31007D6D99 /* Build configuration list for PBXProject "GrizCrimeApp" */;
			compatibilityVersion = "Xcode 3.2";
			developmentRegion = English;
			hasScannedForEncodings = 0;
			knownRegions = (
				en,
				Base,
			);
			mainGroup = C71E008D1D04CB31007D6D99;
			productRefGroup = C71E00971D04CB31007D6D99 /* Products */;
			projectDirPath = "";
			projectRoot = "";
			targets = (
				C71E00951D04CB31007D6D99 /* GrizCrimeApp */,
				C71E00A91D04CB32007D6D99 /* GrizCrimeAppTests */,
				C71E00B41D04CB32007D6D99 /* GrizCrimeAppUITests */,
			);
		};
/* End PBXProject section */

/* Begin PBXResourcesBuildPhase section */
		C71E00941D04CB31007D6D99 /* Resources */ = {
			isa = PBXResourcesBuildPhase;
			buildActionMask = 2147483647;
			files = (
				C71E00A41D04CB31007D6D99 /* LaunchScreen.storyboard in Resources */,
				C71E00A11D04CB31007D6D99 /* Assets.xcassets in Resources */,
				C7F3DD9A1D236786006D95EA /* GoogleService-Info.plist in Resources */,
				C71E009F1D04CB31007D6D99 /* Main.storyboard in Resources */,
			);
			runOnlyForDeploymentPostprocessing = 0;
		};
		C71E00A81D04CB32007D6D99 /* Resources */ = {
			isa = PBXResourcesBuildPhase;
			buildActionMask = 2147483647;
			files = (
			);
			runOnlyForDeploymentPostprocessing = 0;
		};
		C71E00B31D04CB32007D6D99 /* Resources */ = {
			isa = PBXResourcesBuildPhase;
			buildActionMask = 2147483647;
			files = (
			);
			runOnlyForDeploymentPostprocessing = 0;
		};
/* End PBXResourcesBuildPhase section */

/* Begin PBXShellScriptBuildPhase section */
		024D76CDDE52840A77C7FBCB /* 📦 Check Pods Manifest.lock */ = {
			isa = PBXShellScriptBuildPhase;
			buildActionMask = 2147483647;
			files = (
			);
			inputPaths = (
			);
			name = "📦 Check Pods Manifest.lock";
			outputPaths = (
			);
			runOnlyForDeploymentPostprocessing = 0;
			shellPath = /bin/sh;
			shellScript = "diff \"${PODS_ROOT}/../Podfile.lock\" \"${PODS_ROOT}/Manifest.lock\" > /dev/null\nif [[ $? != 0 ]] ; then\n    cat << EOM\nerror: The sandbox is not in sync with the Podfile.lock. Run 'pod install' or update your CocoaPods installation.\nEOM\n    exit 1\nfi\n";
			showEnvVarsInLog = 0;
		};
		08800B38E1D7394738620228 /* 📦 Check Pods Manifest.lock */ = {
			isa = PBXShellScriptBuildPhase;
			buildActionMask = 2147483647;
			files = (
			);
			inputPaths = (
			);
			name = "📦 Check Pods Manifest.lock";
			outputPaths = (
			);
			runOnlyForDeploymentPostprocessing = 0;
			shellPath = /bin/sh;
			shellScript = "diff \"${PODS_ROOT}/../Podfile.lock\" \"${PODS_ROOT}/Manifest.lock\" > /dev/null\nif [[ $? != 0 ]] ; then\n    cat << EOM\nerror: The sandbox is not in sync with the Podfile.lock. Run 'pod install' or update your CocoaPods installation.\nEOM\n    exit 1\nfi\n";
			showEnvVarsInLog = 0;
		};
		2099B2178A3DF5ACEEA3EEA7 /* 📦 Check Pods Manifest.lock */ = {
			isa = PBXShellScriptBuildPhase;
			buildActionMask = 2147483647;
			files = (
			);
			inputPaths = (
			);
			name = "📦 Check Pods Manifest.lock";
			outputPaths = (
			);
			runOnlyForDeploymentPostprocessing = 0;
			shellPath = /bin/sh;
			shellScript = "diff \"${PODS_ROOT}/../Podfile.lock\" \"${PODS_ROOT}/Manifest.lock\" > /dev/null\nif [[ $? != 0 ]] ; then\n    cat << EOM\nerror: The sandbox is not in sync with the Podfile.lock. Run 'pod install' or update your CocoaPods installation.\nEOM\n    exit 1\nfi\n";
			showEnvVarsInLog = 0;
		};
		30F18AD73F1ED08B5481FAEF /* 📦 Embed Pods Frameworks */ = {
			isa = PBXShellScriptBuildPhase;
			buildActionMask = 2147483647;
			files = (
			);
			inputPaths = (
			);
			name = "📦 Embed Pods Frameworks";
			outputPaths = (
			);
			runOnlyForDeploymentPostprocessing = 0;
			shellPath = /bin/sh;
			shellScript = "\"${SRCROOT}/Pods/Target Support Files/Pods-GrizCrimeAppTests/Pods-GrizCrimeAppTests-frameworks.sh\"\n";
			showEnvVarsInLog = 0;
		};
		9606386DF7DA4E3976DA2B56 /* 📦 Embed Pods Frameworks */ = {
			isa = PBXShellScriptBuildPhase;
			buildActionMask = 2147483647;
			files = (
			);
			inputPaths = (
			);
			name = "📦 Embed Pods Frameworks";
			outputPaths = (
			);
			runOnlyForDeploymentPostprocessing = 0;
			shellPath = /bin/sh;
			shellScript = "\"${SRCROOT}/Pods/Target Support Files/Pods-GrizCrimeApp/Pods-GrizCrimeApp-frameworks.sh\"\n";
			showEnvVarsInLog = 0;
		};
		C20FB9C59386A45BEA9020EF /* 📦 Copy Pods Resources */ = {
			isa = PBXShellScriptBuildPhase;
			buildActionMask = 2147483647;
			files = (
			);
			inputPaths = (
			);
			name = "📦 Copy Pods Resources";
			outputPaths = (
			);
			runOnlyForDeploymentPostprocessing = 0;
			shellPath = /bin/sh;
			shellScript = "\"${SRCROOT}/Pods/Target Support Files/Pods-GrizCrimeApp/Pods-GrizCrimeApp-resources.sh\"\n";
			showEnvVarsInLog = 0;
		};
		D5557EA5C1E8011B7DD973E2 /* 📦 Copy Pods Resources */ = {
			isa = PBXShellScriptBuildPhase;
			buildActionMask = 2147483647;
			files = (
			);
			inputPaths = (
			);
			name = "📦 Copy Pods Resources";
			outputPaths = (
			);
			runOnlyForDeploymentPostprocessing = 0;
			shellPath = /bin/sh;
			shellScript = "\"${SRCROOT}/Pods/Target Support Files/Pods-GrizCrimeAppTests/Pods-GrizCrimeAppTests-resources.sh\"\n";
			showEnvVarsInLog = 0;
		};
		FCC6DABA0F26DAA773D38FD0 /* 📦 Copy Pods Resources */ = {
			isa = PBXShellScriptBuildPhase;
			buildActionMask = 2147483647;
			files = (
			);
			inputPaths = (
			);
			name = "📦 Copy Pods Resources";
			outputPaths = (
			);
			runOnlyForDeploymentPostprocessing = 0;
			shellPath = /bin/sh;
			shellScript = "\"${SRCROOT}/Pods/Target Support Files/Pods-GrizCrimeAppUITests/Pods-GrizCrimeAppUITests-resources.sh\"\n";
			showEnvVarsInLog = 0;
		};
/* End PBXShellScriptBuildPhase section */

/* Begin PBXSourcesBuildPhase section */
		C71E00921D04CB31007D6D99 /* Sources */ = {
			isa = PBXSourcesBuildPhase;
			buildActionMask = 2147483647;
			files = (
				C7F3DDA01D24E237006D95EA /* PostCell.swift in Sources */,
				C7F3DDA81D25834A006D95EA /* CustomUIView.swift in Sources */,
				C7CE22471D7DEEBD00318B82 /* ProfileVC.swift in Sources */,
				C7F3DD9E1D24E127006D95EA /* TableViewExten.swift in Sources */,
				C7F3DDAC1D2CB14C006D95EA /* MaterialView.swift in Sources */,
				C73FD38C1D96D17A00C40546 /* CrimeCollectionView.swift in Sources */,
				C7F3DDAE1D2F7869006D95EA /* Post.swift in Sources */,
				C73FD3821D94B71500C40546 /* GeoFire.m in Sources */,
				C70C429C1D85FBF500F83C49 /* AnimationEngine.swift in Sources */,
				C73FD36F1D938D9500C40546 /* MapVC.swift in Sources */,
				C73FD3851D94B71500C40546 /* GFGeoHashQuery.m in Sources */,
				C73FD3901D9CC33A00C40546 /* PostProfile.swift in Sources */,
				C7F3DDA41D256983006D95EA /* ImageExten.swift in Sources */,
				C73FD3881D94E48000C40546 /* CrimeAnnotation.swift in Sources */,
				C71E00D41D0549EF007D6D99 /* DataService.swift in Sources */,
				C73FD3861D94B71500C40546 /* GFQuery.m in Sources */,
				C71E009C1D04CB31007D6D99 /* LoginVC.swift in Sources */,
				C7CE22491D7DF13D00318B82 /* PostVC.swift in Sources */,
				C71E009A1D04CB31007D6D99 /* AppDelegate.swift in Sources */,
				C73FD38E1D96D47D00C40546 /* CollectionViewCrimeExten.swift in Sources */,
				C71E00D71D054AB7007D6D99 /* Constants.swift in Sources */,
				C7FBA5861DE0BF66006A81C8 /* AboutUsVC.swift in Sources */,
				C7F3DDAA1D25C007006D95EA /* UIViewExten.swift in Sources */,
				C73FD3831D94B71500C40546 /* GFBase32Utils.m in Sources */,
				C7F3DD9C1D24E0AB006D95EA /* TimeLineVC.swift in Sources */,
				C70C429E1D862DE300F83C49 /* MenuCell.swift in Sources */,
				C73FD38A1D96CEB200C40546 /* CrimeCell.swift in Sources */,
				C73FD3841D94B71500C40546 /* GFGeoHash.m in Sources */,
				C7F3DDA61D25779E006D95EA /* CustomTextField.swift in Sources */,
			);
			runOnlyForDeploymentPostprocessing = 0;
		};
		C71E00A61D04CB32007D6D99 /* Sources */ = {
			isa = PBXSourcesBuildPhase;
			buildActionMask = 2147483647;
			files = (
				C71E00AF1D04CB32007D6D99 /* GrizCrimeAppTests.swift in Sources */,
			);
			runOnlyForDeploymentPostprocessing = 0;
		};
		C71E00B11D04CB32007D6D99 /* Sources */ = {
			isa = PBXSourcesBuildPhase;
			buildActionMask = 2147483647;
			files = (
				C71E00BA1D04CB32007D6D99 /* GrizCrimeAppUITests.swift in Sources */,
			);
			runOnlyForDeploymentPostprocessing = 0;
		};
/* End PBXSourcesBuildPhase section */

/* Begin PBXTargetDependency section */
		C71E00AC1D04CB32007D6D99 /* PBXTargetDependency */ = {
			isa = PBXTargetDependency;
			target = C71E00951D04CB31007D6D99 /* GrizCrimeApp */;
			targetProxy = C71E00AB1D04CB32007D6D99 /* PBXContainerItemProxy */;
		};
		C71E00B71D04CB32007D6D99 /* PBXTargetDependency */ = {
			isa = PBXTargetDependency;
			target = C71E00951D04CB31007D6D99 /* GrizCrimeApp */;
			targetProxy = C71E00B61D04CB32007D6D99 /* PBXContainerItemProxy */;
		};
/* End PBXTargetDependency section */

/* Begin PBXVariantGroup section */
		C71E009D1D04CB31007D6D99 /* Main.storyboard */ = {
			isa = PBXVariantGroup;
			children = (
				C71E009E1D04CB31007D6D99 /* Base */,
			);
			name = Main.storyboard;
			sourceTree = "<group>";
		};
		C71E00A21D04CB31007D6D99 /* LaunchScreen.storyboard */ = {
			isa = PBXVariantGroup;
			children = (
				C71E00A31D04CB31007D6D99 /* Base */,
			);
			name = LaunchScreen.storyboard;
			sourceTree = "<group>";
		};
/* End PBXVariantGroup section */

/* Begin XCBuildConfiguration section */
		C71E00BC1D04CB32007D6D99 /* Debug */ = {
			isa = XCBuildConfiguration;
			buildSettings = {
				ALWAYS_SEARCH_USER_PATHS = NO;
				CLANG_ANALYZER_NONNULL = YES;
				CLANG_CXX_LANGUAGE_STANDARD = "gnu++0x";
				CLANG_CXX_LIBRARY = "libc++";
				CLANG_ENABLE_MODULES = YES;
				CLANG_ENABLE_OBJC_ARC = YES;
				CLANG_WARN_BOOL_CONVERSION = YES;
				CLANG_WARN_CONSTANT_CONVERSION = YES;
				CLANG_WARN_DIRECT_OBJC_ISA_USAGE = YES_ERROR;
				CLANG_WARN_EMPTY_BODY = YES;
				CLANG_WARN_ENUM_CONVERSION = YES;
				CLANG_WARN_INT_CONVERSION = YES;
				CLANG_WARN_OBJC_ROOT_CLASS = YES_ERROR;
				CLANG_WARN_UNREACHABLE_CODE = YES;
				CLANG_WARN__DUPLICATE_METHOD_MATCH = YES;
				"CODE_SIGN_IDENTITY[sdk=iphoneos*]" = "iPhone Developer";
				COPY_PHASE_STRIP = NO;
				DEBUG_INFORMATION_FORMAT = dwarf;
				ENABLE_STRICT_OBJC_MSGSEND = YES;
				ENABLE_TESTABILITY = YES;
				GCC_C_LANGUAGE_STANDARD = gnu99;
				GCC_DYNAMIC_NO_PIC = NO;
				GCC_NO_COMMON_BLOCKS = YES;
				GCC_OPTIMIZATION_LEVEL = 0;
				GCC_PREPROCESSOR_DEFINITIONS = (
					"DEBUG=1",
					"$(inherited)",
				);
				GCC_WARN_64_TO_32_BIT_CONVERSION = YES;
				GCC_WARN_ABOUT_RETURN_TYPE = YES_ERROR;
				GCC_WARN_UNDECLARED_SELECTOR = YES;
				GCC_WARN_UNINITIALIZED_AUTOS = YES_AGGRESSIVE;
				GCC_WARN_UNUSED_FUNCTION = YES;
				GCC_WARN_UNUSED_VARIABLE = YES;
				IPHONEOS_DEPLOYMENT_TARGET = 9.3;
				MTL_ENABLE_DEBUG_INFO = YES;
				ONLY_ACTIVE_ARCH = YES;
				SDKROOT = iphoneos;
				SWIFT_OPTIMIZATION_LEVEL = "-Onone";
				TARGETED_DEVICE_FAMILY = "1,2";
			};
			name = Debug;
		};
		C71E00BD1D04CB32007D6D99 /* Release */ = {
			isa = XCBuildConfiguration;
			buildSettings = {
				ALWAYS_SEARCH_USER_PATHS = NO;
				CLANG_ANALYZER_NONNULL = YES;
				CLANG_CXX_LANGUAGE_STANDARD = "gnu++0x";
				CLANG_CXX_LIBRARY = "libc++";
				CLANG_ENABLE_MODULES = YES;
				CLANG_ENABLE_OBJC_ARC = YES;
				CLANG_WARN_BOOL_CONVERSION = YES;
				CLANG_WARN_CONSTANT_CONVERSION = YES;
				CLANG_WARN_DIRECT_OBJC_ISA_USAGE = YES_ERROR;
				CLANG_WARN_EMPTY_BODY = YES;
				CLANG_WARN_ENUM_CONVERSION = YES;
				CLANG_WARN_INT_CONVERSION = YES;
				CLANG_WARN_OBJC_ROOT_CLASS = YES_ERROR;
				CLANG_WARN_UNREACHABLE_CODE = YES;
				CLANG_WARN__DUPLICATE_METHOD_MATCH = YES;
				"CODE_SIGN_IDENTITY[sdk=iphoneos*]" = "iPhone Developer";
				COPY_PHASE_STRIP = NO;
				DEBUG_INFORMATION_FORMAT = "dwarf-with-dsym";
				ENABLE_NS_ASSERTIONS = NO;
				ENABLE_STRICT_OBJC_MSGSEND = YES;
				GCC_C_LANGUAGE_STANDARD = gnu99;
				GCC_NO_COMMON_BLOCKS = YES;
				GCC_WARN_64_TO_32_BIT_CONVERSION = YES;
				GCC_WARN_ABOUT_RETURN_TYPE = YES_ERROR;
				GCC_WARN_UNDECLARED_SELECTOR = YES;
				GCC_WARN_UNINITIALIZED_AUTOS = YES_AGGRESSIVE;
				GCC_WARN_UNUSED_FUNCTION = YES;
				GCC_WARN_UNUSED_VARIABLE = YES;
				IPHONEOS_DEPLOYMENT_TARGET = 9.3;
				MTL_ENABLE_DEBUG_INFO = NO;
				SDKROOT = iphoneos;
				TARGETED_DEVICE_FAMILY = "1,2";
				VALIDATE_PRODUCT = YES;
			};
			name = Release;
		};
		C71E00BF1D04CB32007D6D99 /* Debug */ = {
			isa = XCBuildConfiguration;
			baseConfigurationReference = CC3B9C476078B7D1199BD6A7 /* Pods-GrizCrimeApp.debug.xcconfig */;
			buildSettings = {
				ASSETCATALOG_COMPILER_APPICON_NAME = AppIcon;
				CLANG_ENABLE_MODULES = YES;
				"CODE_SIGN_IDENTITY[sdk=iphoneos*]" = "iPhone Developer";
				DEVELOPMENT_TEAM = JDJW8889MB;
				FRAMEWORK_SEARCH_PATHS = (
					"$(inherited)",
					"$(PROJECT_DIR)/GrizCrimeApp",
				);
				INFOPLIST_FILE = GrizCrimeApp/Info.plist;
				LD_RUNPATH_SEARCH_PATHS = "$(inherited) @executable_path/Frameworks";
				PRODUCT_BUNDLE_IDENTIFIER = com.grizcrime;
				PRODUCT_NAME = "$(TARGET_NAME)";
				PROVISIONING_PROFILE = "";
				PROVISIONING_PROFILE_SPECIFIER = "";
				SWIFT_OBJC_BRIDGING_HEADER = "GrizCrimeApp/GrizCrimeApp-Bridging-Header.h";
				SWIFT_OPTIMIZATION_LEVEL = "-Onone";
				SWIFT_VERSION = 3.0;
				TARGETED_DEVICE_FAMILY = 1;
			};
			name = Debug;
		};
		C71E00C01D04CB32007D6D99 /* Release */ = {
			isa = XCBuildConfiguration;
			baseConfigurationReference = A427ADE9270B5FA2D95BA6F5 /* Pods-GrizCrimeApp.release.xcconfig */;
			buildSettings = {
				ASSETCATALOG_COMPILER_APPICON_NAME = AppIcon;
				CLANG_ENABLE_MODULES = YES;
				CODE_SIGN_IDENTITY = "iPhone Distribution";
				"CODE_SIGN_IDENTITY[sdk=iphoneos*]" = "iPhone Developer";
				DEVELOPMENT_TEAM = JDJW8889MB;
				FRAMEWORK_SEARCH_PATHS = (
					"$(inherited)",
					"$(PROJECT_DIR)/GrizCrimeApp",
				);
				INFOPLIST_FILE = GrizCrimeApp/Info.plist;
				LD_RUNPATH_SEARCH_PATHS = "$(inherited) @executable_path/Frameworks";
				PRODUCT_BUNDLE_IDENTIFIER = com.grizcrime;
				PRODUCT_NAME = "$(TARGET_NAME)";
				PROVISIONING_PROFILE = "";
				PROVISIONING_PROFILE_SPECIFIER = "";
				SWIFT_OBJC_BRIDGING_HEADER = "GrizCrimeApp/GrizCrimeApp-Bridging-Header.h";
				SWIFT_VERSION = 3.0;
				TARGETED_DEVICE_FAMILY = 1;
			};
			name = Release;
		};
		C71E00C21D04CB32007D6D99 /* Debug */ = {
			isa = XCBuildConfiguration;
			baseConfigurationReference = 3DA98B84F9C1B710EC3127D6 /* Pods-GrizCrimeAppTests.debug.xcconfig */;
			buildSettings = {
				BUNDLE_LOADER = "$(TEST_HOST)";
				INFOPLIST_FILE = GrizCrimeAppTests/Info.plist;
				LD_RUNPATH_SEARCH_PATHS = "$(inherited) @executable_path/Frameworks @loader_path/Frameworks";
				PRODUCT_BUNDLE_IDENTIFIER = nerdinabriefcase.GrizCrimeAppTests;
				PRODUCT_NAME = "$(TARGET_NAME)";
				SWIFT_VERSION = 3.0;
				TEST_HOST = "$(BUILT_PRODUCTS_DIR)/GrizCrimeApp.app/GrizCrimeApp";
			};
			name = Debug;
		};
		C71E00C31D04CB32007D6D99 /* Release */ = {
			isa = XCBuildConfiguration;
			baseConfigurationReference = F5595DE9E90CE131C7BEAC17 /* Pods-GrizCrimeAppTests.release.xcconfig */;
			buildSettings = {
				BUNDLE_LOADER = "$(TEST_HOST)";
				INFOPLIST_FILE = GrizCrimeAppTests/Info.plist;
				LD_RUNPATH_SEARCH_PATHS = "$(inherited) @executable_path/Frameworks @loader_path/Frameworks";
				PRODUCT_BUNDLE_IDENTIFIER = nerdinabriefcase.GrizCrimeAppTests;
				PRODUCT_NAME = "$(TARGET_NAME)";
				SWIFT_VERSION = 3.0;
				TEST_HOST = "$(BUILT_PRODUCTS_DIR)/GrizCrimeApp.app/GrizCrimeApp";
			};
			name = Release;
		};
		C71E00C51D04CB32007D6D99 /* Debug */ = {
			isa = XCBuildConfiguration;
			baseConfigurationReference = DF6D82734A5EE42080B0BDE1 /* Pods-GrizCrimeAppUITests.debug.xcconfig */;
			buildSettings = {
				INFOPLIST_FILE = GrizCrimeAppUITests/Info.plist;
				LD_RUNPATH_SEARCH_PATHS = "$(inherited) @executable_path/Frameworks @loader_path/Frameworks";
				PRODUCT_BUNDLE_IDENTIFIER = nerdinabriefcase.GrizCrimeAppUITests;
				PRODUCT_NAME = "$(TARGET_NAME)";
				SWIFT_VERSION = 3.0;
				TEST_TARGET_NAME = GrizCrimeApp;
			};
			name = Debug;
		};
		C71E00C61D04CB32007D6D99 /* Release */ = {
			isa = XCBuildConfiguration;
			baseConfigurationReference = 9882AFBB3C496D1F425C31E9 /* Pods-GrizCrimeAppUITests.release.xcconfig */;
			buildSettings = {
				INFOPLIST_FILE = GrizCrimeAppUITests/Info.plist;
				LD_RUNPATH_SEARCH_PATHS = "$(inherited) @executable_path/Frameworks @loader_path/Frameworks";
				PRODUCT_BUNDLE_IDENTIFIER = nerdinabriefcase.GrizCrimeAppUITests;
				PRODUCT_NAME = "$(TARGET_NAME)";
				SWIFT_VERSION = 3.0;
				TEST_TARGET_NAME = GrizCrimeApp;
			};
			name = Release;
		};
/* End XCBuildConfiguration section */

/* Begin XCConfigurationList section */
		C71E00911D04CB31007D6D99 /* Build configuration list for PBXProject "GrizCrimeApp" */ = {
			isa = XCConfigurationList;
			buildConfigurations = (
				C71E00BC1D04CB32007D6D99 /* Debug */,
				C71E00BD1D04CB32007D6D99 /* Release */,
			);
			defaultConfigurationIsVisible = 0;
			defaultConfigurationName = Release;
		};
		C71E00BE1D04CB32007D6D99 /* Build configuration list for PBXNativeTarget "GrizCrimeApp" */ = {
			isa = XCConfigurationList;
			buildConfigurations = (
				C71E00BF1D04CB32007D6D99 /* Debug */,
				C71E00C01D04CB32007D6D99 /* Release */,
			);
			defaultConfigurationIsVisible = 0;
			defaultConfigurationName = Release;
		};
		C71E00C11D04CB32007D6D99 /* Build configuration list for PBXNativeTarget "GrizCrimeAppTests" */ = {
			isa = XCConfigurationList;
			buildConfigurations = (
				C71E00C21D04CB32007D6D99 /* Debug */,
				C71E00C31D04CB32007D6D99 /* Release */,
			);
			defaultConfigurationIsVisible = 0;
			defaultConfigurationName = Release;
		};
		C71E00C41D04CB32007D6D99 /* Build configuration list for PBXNativeTarget "GrizCrimeAppUITests" */ = {
			isa = XCConfigurationList;
			buildConfigurations = (
				C71E00C51D04CB32007D6D99 /* Debug */,
				C71E00C61D04CB32007D6D99 /* Release */,
			);
			defaultConfigurationIsVisible = 0;
			defaultConfigurationName = Release;
		};
/* End XCConfigurationList section */
	};
	rootObject = C71E008E1D04CB31007D6D99 /* Project object */;
}
